# THIS IS AN AUTOGENERATED FILE. DO NOT EDIT THIS FILE DIRECTLY.
# yarn lockfile v1


"@openzeppelin/contracts@3.0.0-beta.0":
  version "3.0.0-beta.0"
  resolved "https://registry.yarnpkg.com/@openzeppelin/contracts/-/contracts-3.0.0-beta.0.tgz#bf62bb570ff1abd57e15dfa145893f81c209d021"
  integrity sha512-UDYQdvSDjXcnHXBs3QVVoPY2nxpr56cRPN2jo1ahjPsalilr5LPGlCW85zkoHx6AInqm4ZdGnbspgBS5/DvzDw==
